// !$*UTF8*$!
{
	archiveVersion = 1;
	classes = {
	};
	objectVersion = 56;
	objects = {

/* Begin PBXBuildFile section */
		96422EFC2ACB0342004062D1 /* RMService.swift in Sources */ = {isa = PBXBuildFile; fileRef = 96422EFB2ACB0341004062D1 /* RMService.swift */; };
		96422EFE2ACB035C004062D1 /* RMRequest.swift in Sources */ = {isa = PBXBuildFile; fileRef = 96422EFD2ACB035C004062D1 /* RMRequest.swift */; };
		96422F002ACB0556004062D1 /* RMEndpoint.swift in Sources */ = {isa = PBXBuildFile; fileRef = 96422EFF2ACB0556004062D1 /* RMEndpoint.swift */; };
		96422F022ACB1C82004062D1 /* RMOrigin.swift in Sources */ = {isa = PBXBuildFile; fileRef = 96422F012ACB1C81004062D1 /* RMOrigin.swift */; };
		96422F042ACB1D01004062D1 /* RMSingleLocation.swift in Sources */ = {isa = PBXBuildFile; fileRef = 96422F032ACB1D01004062D1 /* RMSingleLocation.swift */; };
		96422F062ACB44AF004062D1 /* RMCharacterStatus.swift in Sources */ = {isa = PBXBuildFile; fileRef = 96422F052ACB44AF004062D1 /* RMCharacterStatus.swift */; };
		96422F082ACB44DF004062D1 /* RMCharacterGender.swift in Sources */ = {isa = PBXBuildFile; fileRef = 96422F072ACB44DF004062D1 /* RMCharacterGender.swift */; };
		96CF42062AC9CEEF00E5D817 /* AppDelegate.swift in Sources */ = {isa = PBXBuildFile; fileRef = 96CF42052AC9CEEF00E5D817 /* AppDelegate.swift */; };
		96CF42082AC9CEEF00E5D817 /* SceneDelegate.swift in Sources */ = {isa = PBXBuildFile; fileRef = 96CF42072AC9CEEF00E5D817 /* SceneDelegate.swift */; };
		96CF420A2AC9CEEF00E5D817 /* RMTabBarController.swift in Sources */ = {isa = PBXBuildFile; fileRef = 96CF42092AC9CEEF00E5D817 /* RMTabBarController.swift */; };
		96CF420F2AC9CEF300E5D817 /* Assets.xcassets in Resources */ = {isa = PBXBuildFile; fileRef = 96CF420E2AC9CEF300E5D817 /* Assets.xcassets */; };
		96CF42122AC9CEF300E5D817 /* LaunchScreen.storyboard in Resources */ = {isa = PBXBuildFile; fileRef = 96CF42102AC9CEF300E5D817 /* LaunchScreen.storyboard */; };
		96CF423E2AC9D2C300E5D817 /* RMLocation.swift in Sources */ = {isa = PBXBuildFile; fileRef = 96CF423D2AC9D2C300E5D817 /* RMLocation.swift */; };
		96CF42402AC9D2D600E5D817 /* RMCharacter.swift in Sources */ = {isa = PBXBuildFile; fileRef = 96CF423F2AC9D2D600E5D817 /* RMCharacter.swift */; };
		96CF42422AC9D2E500E5D817 /* RMEpisode.swift in Sources */ = {isa = PBXBuildFile; fileRef = 96CF42412AC9D2E500E5D817 /* RMEpisode.swift */; };
		96CF42452AC9D3A900E5D817 /* RMCharacterViewController.swift in Sources */ = {isa = PBXBuildFile; fileRef = 96CF42442AC9D3A900E5D817 /* RMCharacterViewController.swift */; };
		96CF42472AC9D3BB00E5D817 /* RMLocationViewController.swift in Sources */ = {isa = PBXBuildFile; fileRef = 96CF42462AC9D3BB00E5D817 /* RMLocationViewController.swift */; };
		96CF42492AC9D3C500E5D817 /* RMEpisodeViewController.swift in Sources */ = {isa = PBXBuildFile; fileRef = 96CF42482AC9D3C500E5D817 /* RMEpisodeViewController.swift */; };
		96CF424B2AC9D44E00E5D817 /* RMSettingsViewController.swift in Sources */ = {isa = PBXBuildFile; fileRef = 96CF424A2AC9D44E00E5D817 /* RMSettingsViewController.swift */; };
/* End PBXBuildFile section */

/* Begin PBXFileReference section */
		96422EFB2ACB0341004062D1 /* RMService.swift */ = {isa = PBXFileReference; lastKnownFileType = sourcecode.swift; path = RMService.swift; sourceTree = "<group>"; };
		96422EFD2ACB035C004062D1 /* RMRequest.swift */ = {isa = PBXFileReference; lastKnownFileType = sourcecode.swift; path = RMRequest.swift; sourceTree = "<group>"; };
		96422EFF2ACB0556004062D1 /* RMEndpoint.swift */ = {isa = PBXFileReference; lastKnownFileType = sourcecode.swift; path = RMEndpoint.swift; sourceTree = "<group>"; };
		96422F012ACB1C81004062D1 /* RMOrigin.swift */ = {isa = PBXFileReference; lastKnownFileType = sourcecode.swift; path = RMOrigin.swift; sourceTree = "<group>"; };
		96422F032ACB1D01004062D1 /* RMSingleLocation.swift */ = {isa = PBXFileReference; lastKnownFileType = sourcecode.swift; path = RMSingleLocation.swift; sourceTree = "<group>"; };
		96422F052ACB44AF004062D1 /* RMCharacterStatus.swift */ = {isa = PBXFileReference; lastKnownFileType = sourcecode.swift; path = RMCharacterStatus.swift; sourceTree = "<group>"; };
		96422F072ACB44DF004062D1 /* RMCharacterGender.swift */ = {isa = PBXFileReference; lastKnownFileType = sourcecode.swift; path = RMCharacterGender.swift; sourceTree = "<group>"; };
		96CF42022AC9CEEF00E5D817 /* RickAndMorty.app */ = {isa = PBXFileReference; explicitFileType = wrapper.application; includeInIndex = 0; path = RickAndMorty.app; sourceTree = BUILT_PRODUCTS_DIR; };
		96CF42052AC9CEEF00E5D817 /* AppDelegate.swift */ = {isa = PBXFileReference; lastKnownFileType = sourcecode.swift; path = AppDelegate.swift; sourceTree = "<group>"; };
		96CF42072AC9CEEF00E5D817 /* SceneDelegate.swift */ = {isa = PBXFileReference; lastKnownFileType = sourcecode.swift; path = SceneDelegate.swift; sourceTree = "<group>"; };
		96CF42092AC9CEEF00E5D817 /* RMTabBarController.swift */ = {isa = PBXFileReference; lastKnownFileType = sourcecode.swift; path = RMTabBarController.swift; sourceTree = "<group>"; };
		96CF420E2AC9CEF300E5D817 /* Assets.xcassets */ = {isa = PBXFileReference; lastKnownFileType = folder.assetcatalog; path = Assets.xcassets; sourceTree = "<group>"; };
		96CF42112AC9CEF300E5D817 /* Base */ = {isa = PBXFileReference; lastKnownFileType = file.storyboard; name = Base; path = Base.lproj/LaunchScreen.storyboard; sourceTree = "<group>"; };
		96CF42132AC9CEF300E5D817 /* Info.plist */ = {isa = PBXFileReference; lastKnownFileType = text.plist.xml; path = Info.plist; sourceTree = "<group>"; };
		96CF423D2AC9D2C300E5D817 /* RMLocation.swift */ = {isa = PBXFileReference; lastKnownFileType = sourcecode.swift; path = RMLocation.swift; sourceTree = "<group>"; };
		96CF423F2AC9D2D600E5D817 /* RMCharacter.swift */ = {isa = PBXFileReference; lastKnownFileType = sourcecode.swift; path = RMCharacter.swift; sourceTree = "<group>"; };
		96CF42412AC9D2E500E5D817 /* RMEpisode.swift */ = {isa = PBXFileReference; lastKnownFileType = sourcecode.swift; path = RMEpisode.swift; sourceTree = "<group>"; };
		96CF42442AC9D3A900E5D817 /* RMCharacterViewController.swift */ = {isa = PBXFileReference; lastKnownFileType = sourcecode.swift; path = RMCharacterViewController.swift; sourceTree = "<group>"; };
		96CF42462AC9D3BB00E5D817 /* RMLocationViewController.swift */ = {isa = PBXFileReference; lastKnownFileType = sourcecode.swift; path = RMLocationViewController.swift; sourceTree = "<group>"; };
		96CF42482AC9D3C500E5D817 /* RMEpisodeViewController.swift */ = {isa = PBXFileReference; lastKnownFileType = sourcecode.swift; path = RMEpisodeViewController.swift; sourceTree = "<group>"; };
		96CF424A2AC9D44E00E5D817 /* RMSettingsViewController.swift */ = {isa = PBXFileReference; lastKnownFileType = sourcecode.swift; path = RMSettingsViewController.swift; sourceTree = "<group>"; };
/* End PBXFileReference section */

/* Begin PBXFrameworksBuildPhase section */
		96CF41FF2AC9CEEF00E5D817 /* Frameworks */ = {
			isa = PBXFrameworksBuildPhase;
			buildActionMask = 2147483647;
			files = (
			);
			runOnlyForDeploymentPostprocessing = 0;
		};
/* End PBXFrameworksBuildPhase section */

/* Begin PBXGroup section */
		96CF41F92AC9CEEF00E5D817 = {
			isa = PBXGroup;
			children = (
				96CF42042AC9CEEF00E5D817 /* RickAndMorty */,
				96CF42032AC9CEEF00E5D817 /* Products */,
			);
			sourceTree = "<group>";
		};
		96CF42032AC9CEEF00E5D817 /* Products */ = {
			isa = PBXGroup;
			children = (
				96CF42022AC9CEEF00E5D817 /* RickAndMorty.app */,
			);
			name = Products;
			sourceTree = "<group>";
		};
		96CF42042AC9CEEF00E5D817 /* RickAndMorty */ = {
			isa = PBXGroup;
			children = (
				96CF423C2AC9D24F00E5D817 /* Resources */,
				96CF423B2AC9D24600E5D817 /* APIClient */,
				96CF42392AC9D23200E5D817 /* Managers */,
				96CF42382AC9D21900E5D817 /* ViewModels */,
				96CF42372AC9D20600E5D817 /* Views */,
				96CF42362AC9D20200E5D817 /* Models */,
				96CF42352AC9D1F600E5D817 /* Controllers */,
				96CF42132AC9CEF300E5D817 /* Info.plist */,
			);
			path = RickAndMorty;
			sourceTree = "<group>";
		};
		96CF42352AC9D1F600E5D817 /* Controllers */ = {
			isa = PBXGroup;
			children = (
				96CF42432AC9D35D00E5D817 /* Core */,
			);
			path = Controllers;
			sourceTree = "<group>";
		};
		96CF42362AC9D20200E5D817 /* Models */ = {
			isa = PBXGroup;
			children = (
				96CF423F2AC9D2D600E5D817 /* RMCharacter.swift */,
				96CF423D2AC9D2C300E5D817 /* RMLocation.swift */,
				96CF42412AC9D2E500E5D817 /* RMEpisode.swift */,
				96422F012ACB1C81004062D1 /* RMOrigin.swift */,
				96422F032ACB1D01004062D1 /* RMSingleLocation.swift */,
				96422F052ACB44AF004062D1 /* RMCharacterStatus.swift */,
				96422F072ACB44DF004062D1 /* RMCharacterGender.swift */,
			);
			path = Models;
			sourceTree = "<group>";
		};
		96CF42372AC9D20600E5D817 /* Views */ = {
			isa = PBXGroup;
			children = (
			);
			path = Views;
			sourceTree = "<group>";
		};
		96CF42382AC9D21900E5D817 /* ViewModels */ = {
			isa = PBXGroup;
			children = (
			);
			path = ViewModels;
			sourceTree = "<group>";
		};
		96CF42392AC9D23200E5D817 /* Managers */ = {
			isa = PBXGroup;
			children = (
			);
			path = Managers;
			sourceTree = "<group>";
		};
		96CF423B2AC9D24600E5D817 /* APIClient */ = {
			isa = PBXGroup;
			children = (
				96422EFB2ACB0341004062D1 /* RMService.swift */,
				96422EFD2ACB035C004062D1 /* RMRequest.swift */,
				96422EFF2ACB0556004062D1 /* RMEndpoint.swift */,
			);
			path = APIClient;
			sourceTree = "<group>";
		};
		96CF423C2AC9D24F00E5D817 /* Resources */ = {
			isa = PBXGroup;
			children = (
				96CF420E2AC9CEF300E5D817 /* Assets.xcassets */,
				96CF42102AC9CEF300E5D817 /* LaunchScreen.storyboard */,
				96CF42052AC9CEEF00E5D817 /* AppDelegate.swift */,
				96CF42072AC9CEEF00E5D817 /* SceneDelegate.swift */,
			);
			path = Resources;
			sourceTree = "<group>";
		};
		96CF42432AC9D35D00E5D817 /* Core */ = {
			isa = PBXGroup;
			children = (
				96CF42092AC9CEEF00E5D817 /* RMTabBarController.swift */,
				96CF42442AC9D3A900E5D817 /* RMCharacterViewController.swift */,
				96CF42462AC9D3BB00E5D817 /* RMLocationViewController.swift */,
				96CF42482AC9D3C500E5D817 /* RMEpisodeViewController.swift */,
				96CF424A2AC9D44E00E5D817 /* RMSettingsViewController.swift */,
			);
			path = Core;
			sourceTree = "<group>";
		};
/* End PBXGroup section */

/* Begin PBXNativeTarget section */
		96CF42012AC9CEEF00E5D817 /* RickAndMorty */ = {
			isa = PBXNativeTarget;
			buildConfigurationList = 96CF422C2AC9CEF400E5D817 /* Build configuration list for PBXNativeTarget "RickAndMorty" */;
			buildPhases = (
				96CF41FE2AC9CEEF00E5D817 /* Sources */,
				96CF41FF2AC9CEEF00E5D817 /* Frameworks */,
				96CF42002AC9CEEF00E5D817 /* Resources */,
			);
			buildRules = (
			);
			dependencies = (
			);
			name = RickAndMorty;
			productName = RickAndMorty;
			productReference = 96CF42022AC9CEEF00E5D817 /* RickAndMorty.app */;
			productType = "com.apple.product-type.application";
		};
/* End PBXNativeTarget section */

/* Begin PBXProject section */
		96CF41FA2AC9CEEF00E5D817 /* Project object */ = {
			isa = PBXProject;
			attributes = {
				BuildIndependentTargetsInParallel = 1;
				LastSwiftUpdateCheck = 1500;
				LastUpgradeCheck = 1500;
				TargetAttributes = {
					96CF42012AC9CEEF00E5D817 = {
						CreatedOnToolsVersion = 15.0;
					};
				};
			};
			buildConfigurationList = 96CF41FD2AC9CEEF00E5D817 /* Build configuration list for PBXProject "RickAndMorty" */;
			compatibilityVersion = "Xcode 14.0";
			developmentRegion = en;
			hasScannedForEncodings = 0;
			knownRegions = (
				en,
				Base,
			);
			mainGroup = 96CF41F92AC9CEEF00E5D817;
			productRefGroup = 96CF42032AC9CEEF00E5D817 /* Products */;
			projectDirPath = "";
			projectRoot = "";
			targets = (
				96CF42012AC9CEEF00E5D817 /* RickAndMorty */,
			);
		};
/* End PBXProject section */

/* Begin PBXResourcesBuildPhase section */
		96CF42002AC9CEEF00E5D817 /* Resources */ = {
			isa = PBXResourcesBuildPhase;
			buildActionMask = 2147483647;
			files = (
				96CF42122AC9CEF300E5D817 /* LaunchScreen.storyboard in Resources */,
				96CF420F2AC9CEF300E5D817 /* Assets.xcassets in Resources */,
			);
			runOnlyForDeploymentPostprocessing = 0;
		};
/* End PBXResourcesBuildPhase section */

/* Begin PBXSourcesBuildPhase section */
		96CF41FE2AC9CEEF00E5D817 /* Sources */ = {
			isa = PBXSourcesBuildPhase;
			buildActionMask = 2147483647;
			files = (
				96422F022ACB1C82004062D1 /* RMOrigin.swift in Sources */,
				96422F042ACB1D01004062D1 /* RMSingleLocation.swift in Sources */,
				96422F062ACB44AF004062D1 /* RMCharacterStatus.swift in Sources */,
				96422F082ACB44DF004062D1 /* RMCharacterGender.swift in Sources */,
				96CF42472AC9D3BB00E5D817 /* RMLocationViewController.swift in Sources */,
				96CF42422AC9D2E500E5D817 /* RMEpisode.swift in Sources */,
				96CF420A2AC9CEEF00E5D817 /* RMTabBarController.swift in Sources */,
				96CF42492AC9D3C500E5D817 /* RMEpisodeViewController.swift in Sources */,
				96CF42062AC9CEEF00E5D817 /* AppDelegate.swift in Sources */,
				96CF42082AC9CEEF00E5D817 /* SceneDelegate.swift in Sources */,
				96CF424B2AC9D44E00E5D817 /* RMSettingsViewController.swift in Sources */,
				96422EFC2ACB0342004062D1 /* RMService.swift in Sources */,
				96CF423E2AC9D2C300E5D817 /* RMLocation.swift in Sources */,
				96422F002ACB0556004062D1 /* RMEndpoint.swift in Sources */,
				96CF42402AC9D2D600E5D817 /* RMCharacter.swift in Sources */,
				96422EFE2ACB035C004062D1 /* RMRequest.swift in Sources */,
				96CF42452AC9D3A900E5D817 /* RMCharacterViewController.swift in Sources */,
			);
			runOnlyForDeploymentPostprocessing = 0;
		};
/* End PBXSourcesBuildPhase section */

/* Begin PBXVariantGroup section */
		96CF42102AC9CEF300E5D817 /* LaunchScreen.storyboard */ = {
			isa = PBXVariantGroup;
			children = (
				96CF42112AC9CEF300E5D817 /* Base */,
			);
			name = LaunchScreen.storyboard;
			sourceTree = "<group>";
		};
/* End PBXVariantGroup section */

/* Begin XCBuildConfiguration section */
		96CF422A2AC9CEF400E5D817 /* Debug */ = {
			isa = XCBuildConfiguration;
			buildSettings = {
				ALWAYS_SEARCH_USER_PATHS = NO;
				ASSETCATALOG_COMPILER_GENERATE_SWIFT_ASSET_SYMBOL_EXTENSIONS = YES;
				CLANG_ANALYZER_NONNULL = YES;
				CLANG_ANALYZER_NUMBER_OBJECT_CONVERSION = YES_AGGRESSIVE;
				CLANG_CXX_LANGUAGE_STANDARD = "gnu++20";
				CLANG_ENABLE_MODULES = YES;
				CLANG_ENABLE_OBJC_ARC = YES;
				CLANG_ENABLE_OBJC_WEAK = YES;
				CLANG_WARN_BLOCK_CAPTURE_AUTORELEASING = YES;
				CLANG_WARN_BOOL_CONVERSION = YES;
				CLANG_WARN_COMMA = YES;
				CLANG_WARN_CONSTANT_CONVERSION = YES;
				CLANG_WARN_DEPRECATED_OBJC_IMPLEMENTATIONS = YES;
				CLANG_WARN_DIRECT_OBJC_ISA_USAGE = YES_ERROR;
				CLANG_WARN_DOCUMENTATION_COMMENTS = YES;
				CLANG_WARN_EMPTY_BODY = YES;
				CLANG_WARN_ENUM_CONVERSION = YES;
				CLANG_WARN_INFINITE_RECURSION = YES;
				CLANG_WARN_INT_CONVERSION = YES;
				CLANG_WARN_NON_LITERAL_NULL_CONVERSION = YES;
				CLANG_WARN_OBJC_IMPLICIT_RETAIN_SELF = YES;
				CLANG_WARN_OBJC_LITERAL_CONVERSION = YES;
				CLANG_WARN_OBJC_ROOT_CLASS = YES_ERROR;
				CLANG_WARN_QUOTED_INCLUDE_IN_FRAMEWORK_HEADER = YES;
				CLANG_WARN_RANGE_LOOP_ANALYSIS = YES;
				CLANG_WARN_STRICT_PROTOTYPES = YES;
				CLANG_WARN_SUSPICIOUS_MOVE = YES;
				CLANG_WARN_UNGUARDED_AVAILABILITY = YES_AGGRESSIVE;
				CLANG_WARN_UNREACHABLE_CODE = YES;
				CLANG_WARN__DUPLICATE_METHOD_MATCH = YES;
				COPY_PHASE_STRIP = NO;
				DEBUG_INFORMATION_FORMAT = dwarf;
				ENABLE_STRICT_OBJC_MSGSEND = YES;
				ENABLE_TESTABILITY = YES;
				ENABLE_USER_SCRIPT_SANDBOXING = YES;
				GCC_C_LANGUAGE_STANDARD = gnu17;
				GCC_DYNAMIC_NO_PIC = NO;
				GCC_NO_COMMON_BLOCKS = YES;
				GCC_OPTIMIZATION_LEVEL = 0;
				GCC_PREPROCESSOR_DEFINITIONS = (
					"DEBUG=1",
					"$(inherited)",
				);
				GCC_WARN_64_TO_32_BIT_CONVERSION = YES;
				GCC_WARN_ABOUT_RETURN_TYPE = YES_ERROR;
				GCC_WARN_UNDECLARED_SELECTOR = YES;
				GCC_WARN_UNINITIALIZED_AUTOS = YES_AGGRESSIVE;
				GCC_WARN_UNUSED_FUNCTION = YES;
				GCC_WARN_UNUSED_VARIABLE = YES;
				IPHONEOS_DEPLOYMENT_TARGET = 15.5;
				LOCALIZATION_PREFERS_STRING_CATALOGS = YES;
				MTL_ENABLE_DEBUG_INFO = INCLUDE_SOURCE;
				MTL_FAST_MATH = YES;
				ONLY_ACTIVE_ARCH = YES;
				SDKROOT = iphoneos;
				SWIFT_ACTIVE_COMPILATION_CONDITIONS = "DEBUG $(inherited)";
				SWIFT_OPTIMIZATION_LEVEL = "-Onone";
			};
			name = Debug;
		};
		96CF422B2AC9CEF400E5D817 /* Release */ = {
			isa = XCBuildConfiguration;
			buildSettings = {
				ALWAYS_SEARCH_USER_PATHS = NO;
				ASSETCATALOG_COMPILER_GENERATE_SWIFT_ASSET_SYMBOL_EXTENSIONS = YES;
				CLANG_ANALYZER_NONNULL = YES;
				CLANG_ANALYZER_NUMBER_OBJECT_CONVERSION = YES_AGGRESSIVE;
				CLANG_CXX_LANGUAGE_STANDARD = "gnu++20";
				CLANG_ENABLE_MODULES = YES;
				CLANG_ENABLE_OBJC_ARC = YES;
				CLANG_ENABLE_OBJC_WEAK = YES;
				CLANG_WARN_BLOCK_CAPTURE_AUTORELEASING = YES;
				CLANG_WARN_BOOL_CONVERSION = YES;
				CLANG_WARN_COMMA = YES;
				CLANG_WARN_CONSTANT_CONVERSION = YES;
				CLANG_WARN_DEPRECATED_OBJC_IMPLEMENTATIONS = YES;
				CLANG_WARN_DIRECT_OBJC_ISA_USAGE = YES_ERROR;
				CLANG_WARN_DOCUMENTATION_COMMENTS = YES;
				CLANG_WARN_EMPTY_BODY = YES;
				CLANG_WARN_ENUM_CONVERSION = YES;
				CLANG_WARN_INFINITE_RECURSION = YES;
				CLANG_WARN_INT_CONVERSION = YES;
				CLANG_WARN_NON_LITERAL_NULL_CONVERSION = YES;
				CLANG_WARN_OBJC_IMPLICIT_RETAIN_SELF = YES;
				CLANG_WARN_OBJC_LITERAL_CONVERSION = YES;
				CLANG_WARN_OBJC_ROOT_CLASS = YES_ERROR;
				CLANG_WARN_QUOTED_INCLUDE_IN_FRAMEWORK_HEADER = YES;
				CLANG_WARN_RANGE_LOOP_ANALYSIS = YES;
				CLANG_WARN_STRICT_PROTOTYPES = YES;
				CLANG_WARN_SUSPICIOUS_MOVE = YES;
				CLANG_WARN_UNGUARDED_AVAILABILITY = YES_AGGRESSIVE;
				CLANG_WARN_UNREACHABLE_CODE = YES;
				CLANG_WARN__DUPLICATE_METHOD_MATCH = YES;
				COPY_PHASE_STRIP = NO;
				DEBUG_INFORMATION_FORMAT = "dwarf-with-dsym";
				ENABLE_NS_ASSERTIONS = NO;
				ENABLE_STRICT_OBJC_MSGSEND = YES;
				ENABLE_USER_SCRIPT_SANDBOXING = YES;
				GCC_C_LANGUAGE_STANDARD = gnu17;
				GCC_NO_COMMON_BLOCKS = YES;
				GCC_WARN_64_TO_32_BIT_CONVERSION = YES;
				GCC_WARN_ABOUT_RETURN_TYPE = YES_ERROR;
				GCC_WARN_UNDECLARED_SELECTOR = YES;
				GCC_WARN_UNINITIALIZED_AUTOS = YES_AGGRESSIVE;
				GCC_WARN_UNUSED_FUNCTION = YES;
				GCC_WARN_UNUSED_VARIABLE = YES;
				IPHONEOS_DEPLOYMENT_TARGET = 15.5;
				LOCALIZATION_PREFERS_STRING_CATALOGS = YES;
				MTL_ENABLE_DEBUG_INFO = NO;
				MTL_FAST_MATH = YES;
				SDKROOT = iphoneos;
				SWIFT_COMPILATION_MODE = wholemodule;
				VALIDATE_PRODUCT = YES;
			};
			name = Release;
		};
		96CF422D2AC9CEF400E5D817 /* Debug */ = {
			isa = XCBuildConfiguration;
			buildSettings = {
				ASSETCATALOG_COMPILER_APPICON_NAME = AppIcon;
				ASSETCATALOG_COMPILER_GLOBAL_ACCENT_COLOR_NAME = AccentColor;
				CODE_SIGN_STYLE = Automatic;
				CURRENT_PROJECT_VERSION = 1;
				GENERATE_INFOPLIST_FILE = YES;
				INFOPLIST_FILE = RickAndMorty/Info.plist;
				INFOPLIST_KEY_UIApplicationSupportsIndirectInputEvents = YES;
				INFOPLIST_KEY_UILaunchStoryboardName = LaunchScreen;
				INFOPLIST_KEY_UISupportedInterfaceOrientations_iPad = "UIInterfaceOrientationPortrait UIInterfaceOrientationPortraitUpsideDown UIInterfaceOrientationLandscapeLeft UIInterfaceOrientationLandscapeRight";
				INFOPLIST_KEY_UISupportedInterfaceOrientations_iPhone = "UIInterfaceOrientationPortrait UIInterfaceOrientationLandscapeLeft UIInterfaceOrientationLandscapeRight";
				IPHONEOS_DEPLOYMENT_TARGET = 15.5;
				LD_RUNPATH_SEARCH_PATHS = (
					"$(inherited)",
					"@executable_path/Frameworks",
				);
				MARKETING_VERSION = 1.0;
				PRODUCT_BUNDLE_IDENTIFIER = br.com.pedro.RickAndMorty;
				PRODUCT_NAME = "$(TARGET_NAME)";
				SWIFT_EMIT_LOC_STRINGS = YES;
				SWIFT_VERSION = 5.0;
				TARGETED_DEVICE_FAMILY = "1,2";
			};
			name = Debug;
		};
		96CF422E2AC9CEF400E5D817 /* Release */ = {
			isa = XCBuildConfiguration;
			buildSettings = {
				ASSETCATALOG_COMPILER_APPICON_NAME = AppIcon;
				ASSETCATALOG_COMPILER_GLOBAL_ACCENT_COLOR_NAME = AccentColor;
				CODE_SIGN_STYLE = Automatic;
				CURRENT_PROJECT_VERSION = 1;
				GENERATE_INFOPLIST_FILE = YES;
				INFOPLIST_FILE = RickAndMorty/Info.plist;
				INFOPLIST_KEY_UIApplicationSupportsIndirectInputEvents = YES;
				INFOPLIST_KEY_UILaunchStoryboardName = LaunchScreen;
				INFOPLIST_KEY_UISupportedInterfaceOrientations_iPad = "UIInterfaceOrientationPortrait UIInterfaceOrientationPortraitUpsideDown UIInterfaceOrientationLandscapeLeft UIInterfaceOrientationLandscapeRight";
				INFOPLIST_KEY_UISupportedInterfaceOrientations_iPhone = "UIInterfaceOrientationPortrait UIInterfaceOrientationLandscapeLeft UIInterfaceOrientationLandscapeRight";
				IPHONEOS_DEPLOYMENT_TARGET = 15.5;
				LD_RUNPATH_SEARCH_PATHS = (
					"$(inherited)",
					"@executable_path/Frameworks",
				);
				MARKETING_VERSION = 1.0;
				PRODUCT_BUNDLE_IDENTIFIER = br.com.pedro.RickAndMorty;
				PRODUCT_NAME = "$(TARGET_NAME)";
				SWIFT_EMIT_LOC_STRINGS = YES;
				SWIFT_VERSION = 5.0;
				TARGETED_DEVICE_FAMILY = "1,2";
			};
			name = Release;
		};
/* End XCBuildConfiguration section */

/* Begin XCConfigurationList section */
		96CF41FD2AC9CEEF00E5D817 /* Build configuration list for PBXProject "RickAndMorty" */ = {
			isa = XCConfigurationList;
			buildConfigurations = (
				96CF422A2AC9CEF400E5D817 /* Debug */,
				96CF422B2AC9CEF400E5D817 /* Release */,
			);
			defaultConfigurationIsVisible = 0;
			defaultConfigurationName = Release;
		};
		96CF422C2AC9CEF400E5D817 /* Build configuration list for PBXNativeTarget "RickAndMorty" */ = {
			isa = XCConfigurationList;
			buildConfigurations = (
				96CF422D2AC9CEF400E5D817 /* Debug */,
				96CF422E2AC9CEF400E5D817 /* Release */,
			);
			defaultConfigurationIsVisible = 0;
			defaultConfigurationName = Release;
		};
/* End XCConfigurationList section */
	};
	rootObject = 96CF41FA2AC9CEEF00E5D817 /* Project object */;
}
